
Microsoft Visual Studio Solution File, Format Version 12.00
# Visual Studio 2012
Project("{8BC9CEB8-8B4A-11D0-8D11-00A0C91BC942}") = "Youtube Download Library", "Youtube Download Library\Youtube Download Library.vcxproj", "{F791D720-CF0E-4219-B964-91A60815EF1D}"
EndProject
Project("{8BC9CEB8-8B4A-11D0-8D11-00A0C91BC942}") = "Test Application", "Test Application\Test Application.vcxproj", "{FA25635E-AC86-429C-81B9-4FBBE2049AE9}"
EndProject
Global
	GlobalSection(SolutionConfigurationPlatforms) = preSolution
		Debug|Win32 = Debug|Win32
		Release|Win32 = Release|Win32
	EndGlobalSection
	GlobalSection(ProjectConfigurationPlatforms) = postSolution
		{F791D720-CF0E-4219-B964-91A60815EF1D}.Debug|Win32.ActiveCfg = Debug|Win32
		{F791D720-CF0E-4219-B964-91A60815EF1D}.Debug|Win32.Build.0 = Debug|Win32
		{F791D720-CF0E-4219-B964-91A60815EF1D}.Release|Win32.ActiveCfg = Release|Win32
		{F791D720-CF0E-4219-B964-91A60815EF1D}.Release|Win32.Build.0 = Release|Win32
		{FA25635E-AC86-429C-81B9-4FBBE2049AE9}.Debug|Win32.ActiveCfg = Debug|Win32
		{FA25635E-AC86-429C-81B9-4FBBE2049AE9}.Debug|Win32.Build.0 = Debug|Win32
		{FA25635E-AC86-429C-81B9-4FBBE2049AE9}.Release|Win32.ActiveCfg = Release|Win32
		{FA25635E-AC86-429C-81B9-4FBBE2049AE9}.Release|Win32.Build.0 = Release|Win32
	EndGlobalSection
	GlobalSection(SolutionProperties) = preSolution
		HideSolutionNode = FALSE
	EndGlobalSection
EndGlobal
